<?xml version="1.0" encoding="utf-8"?>
<Project ToolsVersion="4.0" xmlns="http://schemas.microsoft.com/developer/msbuild/2003">
  <ItemGroup>
    <Filter Include="源文件">
      <UniqueIdentifier>{4FC737F1-C7A5-4376-A066-2A32D752A2FF}</UniqueIdentifier>
      <Extensions>cpp;c;cc;cxx;def;odl;idl;hpj;bat;asm;asmx</Extensions>
    </Filter>
    <Filter Include="头文件">
      <UniqueIdentifier>{93995380-89BD-4b04-88EB-625FBE52EBFB}</UniqueIdentifier>
      <Extensions>h;hh;hpp;hxx;hm;inl;inc;xsd</Extensions>
    </Filter>
    <Filter Include="资源文件">
      <UniqueIdentifier>{67DA6AB6-F800-4c08-8B7A-83BB121AAD01}</UniqueIdentifier>
      <Extensions>rc;ico;cur;bmp;dlg;rc2;rct;bin;rgs;gif;jpg;jpeg;jpe;resx;tiff;tif;png;wav;mfcribbon-ms</Extensions>
    </Filter>
    <Filter Include="头文件\Utils">
      <UniqueIdentifier>{ef8542aa-b0c1-4de7-ba5b-a2d021e16727}</UniqueIdentifier>
    </Filter>
    <Filter Include="源文件\Utils">
      <UniqueIdentifier>{ddaa99c0-6a21-4293-87c9-ac11ff53a7b6}</UniqueIdentifier>
    </Filter>
    <Filter Include="头文件\BaseInterface">
      <UniqueIdentifier>{f55e4289-cf21-43ea-b183-01b64aafeec8}</UniqueIdentifier>
    </Filter>
    <Filter Include="源文件\BaseInterface">
      <UniqueIdentifier>{5955ffd2-89b9-4ee7-8eed-5bd13874af26}</UniqueIdentifier>
    </Filter>
  </ItemGroup>
  <ItemGroup>
    <Text Include="ReadMe.txt" />
  </ItemGroup>
  <ItemGroup>
    <ClInclude Include="stdafx.h">
      <Filter>头文件</Filter>
    </ClInclude>
    <ClInclude Include="targetver.h">
      <Filter>头文件</Filter>
    </ClInclude>
    <ClInclude Include="jp.h">
      <Filter>头文件</Filter>
    </ClInclude>
    <ClInclude Include="JPUtils.h">
      <Filter>头文件\Utils</Filter>
    </ClInclude>
    <ClInclude Include="JpStrHelper.h">
      <Filter>头文件\Utils</Filter>
    </ClInclude>
    <ClInclude Include="JPNotifyHandle.h">
      <Filter>头文件\BaseInterface</Filter>
    </ClInclude>
    <ClInclude Include="JPRegisterUI.h">
      <Filter>头文件\BaseInterface</Filter>
    </ClInclude>
    <ClInclude Include="JPBuilderCallback.h">
      <Filter>头文件\BaseInterface</Filter>
    </ClInclude>
  </ItemGroup>
  <ItemGroup>
    <ClCompile Include="stdafx.cpp">
      <Filter>源文件</Filter>
    </ClCompile>
    <ClCompile Include="dllmain.cpp">
      <Filter>源文件</Filter>
    </ClCompile>
    <ClCompile Include="JPUtils.cpp">
      <Filter>源文件\Utils</Filter>
    </ClCompile>
    <ClCompile Include="JPRegisterUI.cpp">
      <Filter>源文件\BaseInterface</Filter>
    </ClCompile>
    <ClCompile Include="JPBuilderCallback.cpp">
      <Filter>源文件\BaseInterface</Filter>
    </ClCompile>
  </ItemGroup>
</Project>